// !$*UTF8*$!
{
	archiveVersion = 1;
	classes = {
	};
	objectVersion = 50;
	objects = {

/* Begin PBXBuildFile section */
		23AF0F5F22CB1F8300141503 /* AppDelegate.swift in Sources */ = {isa = PBXBuildFile; fileRef = 23AF0F5E22CB1F8300141503 /* AppDelegate.swift */; };
		23AF0F6122CB1F8300141503 /* ViewController.swift in Sources */ = {isa = PBXBuildFile; fileRef = 23AF0F6022CB1F8300141503 /* ViewController.swift */; };
		23AF0F6422CB1F8300141503 /* Main.storyboard in Resources */ = {isa = PBXBuildFile; fileRef = 23AF0F6222CB1F8300141503 /* Main.storyboard */; };
		23AF0F6622CB1F8600141503 /* Assets.xcassets in Resources */ = {isa = PBXBuildFile; fileRef = 23AF0F6522CB1F8600141503 /* Assets.xcassets */; };
		23AF0F6922CB1F8600141503 /* LaunchScreen.storyboard in Resources */ = {isa = PBXBuildFile; fileRef = 23AF0F6722CB1F8600141503 /* LaunchScreen.storyboard */; };
		23AF0F7422CB1F8600141503 /* tableViewTests.swift in Sources */ = {isa = PBXBuildFile; fileRef = 23AF0F7322CB1F8600141503 /* tableViewTests.swift */; };
		23AF0F7F22CB1F8600141503 /* tableViewUITests.swift in Sources */ = {isa = PBXBuildFile; fileRef = 23AF0F7E22CB1F8600141503 /* tableViewUITests.swift */; };
		23AF0F8D22CB235D00141503 /* File.swift in Sources */ = {isa = PBXBuildFile; fileRef = 23AF0F8C22CB235D00141503 /* File.swift */; };
/* End PBXBuildFile section */

/* Begin PBXContainerItemProxy section */
		23AF0F7022CB1F8600141503 /* PBXContainerItemProxy */ = {
			isa = PBXContainerItemProxy;
			containerPortal = 23AF0F5322CB1F8300141503 /* Project object */;
			proxyType = 1;
			remoteGlobalIDString = 23AF0F5A22CB1F8300141503;
			remoteInfo = tableView;
		};
		23AF0F7B22CB1F8600141503 /* PBXContainerItemProxy */ = {
			isa = PBXContainerItemProxy;
			containerPortal = 23AF0F5322CB1F8300141503 /* Project object */;
			proxyType = 1;
			remoteGlobalIDString = 23AF0F5A22CB1F8300141503;
			remoteInfo = tableView;
		};
/* End PBXContainerItemProxy section */

/* Begin PBXFileReference section */
		23AF0F5B22CB1F8300141503 /* tableView.app */ = {isa = PBXFileReference; explicitFileType = wrapper.application; includeInIndex = 0; path = tableView.app; sourceTree = BUILT_PRODUCTS_DIR; };
		23AF0F5E22CB1F8300141503 /* AppDelegate.swift */ = {isa = PBXFileReference; lastKnownFileType = sourcecode.swift; path = AppDelegate.swift; sourceTree = "<group>"; };
		23AF0F6022CB1F8300141503 /* ViewController.swift */ = {isa = PBXFileReference; lastKnownFileType = sourcecode.swift; path = ViewController.swift; sourceTree = "<group>"; };
		23AF0F6322CB1F8300141503 /* Base */ = {isa = PBXFileReference; lastKnownFileType = file.storyboard; name = Base; path = Base.lproj/Main.storyboard; sourceTree = "<group>"; };
		23AF0F6522CB1F8600141503 /* Assets.xcassets */ = {isa = PBXFileReference; lastKnownFileType = folder.assetcatalog; path = Assets.xcassets; sourceTree = "<group>"; };
		23AF0F6822CB1F8600141503 /* Base */ = {isa = PBXFileReference; lastKnownFileType = file.storyboard; name = Base; path = Base.lproj/LaunchScreen.storyboard; sourceTree = "<group>"; };
		23AF0F6A22CB1F8600141503 /* Info.plist */ = {isa = PBXFileReference; lastKnownFileType = text.plist.xml; path = Info.plist; sourceTree = "<group>"; };
		23AF0F6F22CB1F8600141503 /* tableViewTests.xctest */ = {isa = PBXFileReference; explicitFileType = wrapper.cfbundle; includeInIndex = 0; path = tableViewTests.xctest; sourceTree = BUILT_PRODUCTS_DIR; };
		23AF0F7322CB1F8600141503 /* tableViewTests.swift */ = {isa = PBXFileReference; lastKnownFileType = sourcecode.swift; path = tableViewTests.swift; sourceTree = "<group>"; };
		23AF0F7522CB1F8600141503 /* Info.plist */ = {isa = PBXFileReference; lastKnownFileType = text.plist.xml; path = Info.plist; sourceTree = "<group>"; };
		23AF0F7A22CB1F8600141503 /* tableViewUITests.xctest */ = {isa = PBXFileReference; explicitFileType = wrapper.cfbundle; includeInIndex = 0; path = tableViewUITests.xctest; sourceTree = BUILT_PRODUCTS_DIR; };
		23AF0F7E22CB1F8600141503 /* tableViewUITests.swift */ = {isa = PBXFileReference; lastKnownFileType = sourcecode.swift; path = tableViewUITests.swift; sourceTree = "<group>"; };
		23AF0F8022CB1F8600141503 /* Info.plist */ = {isa = PBXFileReference; lastKnownFileType = text.plist.xml; path = Info.plist; sourceTree = "<group>"; };
		23AF0F8C22CB235D00141503 /* File.swift */ = {isa = PBXFileReference; lastKnownFileType = sourcecode.swift; path = File.swift; sourceTree = "<group>"; };
/* End PBXFileReference section */

/* Begin PBXFrameworksBuildPhase section */
		23AF0F5822CB1F8300141503 /* Frameworks */ = {
			isa = PBXFrameworksBuildPhase;
			buildActionMask = 2147483647;
			files = (
			);
			runOnlyForDeploymentPostprocessing = 0;
		};
		23AF0F6C22CB1F8600141503 /* Frameworks */ = {
			isa = PBXFrameworksBuildPhase;
			buildActionMask = 2147483647;
			files = (
			);
			runOnlyForDeploymentPostprocessing = 0;
		};
		23AF0F7722CB1F8600141503 /* Frameworks */ = {
			isa = PBXFrameworksBuildPhase;
			buildActionMask = 2147483647;
			files = (
			);
			runOnlyForDeploymentPostprocessing = 0;
		};
/* End PBXFrameworksBuildPhase section */

/* Begin PBXGroup section */
		23AF0F5222CB1F8300141503 = {
			isa = PBXGroup;
			children = (
				23AF0F5D22CB1F8300141503 /* tableView */,
				23AF0F7222CB1F8600141503 /* tableViewTests */,
				23AF0F7D22CB1F8600141503 /* tableViewUITests */,
				23AF0F5C22CB1F8300141503 /* Products */,
			);
			sourceTree = "<group>";
		};
		23AF0F5C22CB1F8300141503 /* Products */ = {
			isa = PBXGroup;
			children = (
				23AF0F5B22CB1F8300141503 /* tableView.app */,
				23AF0F6F22CB1F8600141503 /* tableViewTests.xctest */,
				23AF0F7A22CB1F8600141503 /* tableViewUITests.xctest */,
			);
			name = Products;
			sourceTree = "<group>";
		};
		23AF0F5D22CB1F8300141503 /* tableView */ = {
			isa = PBXGroup;
			children = (
				23AF0F5E22CB1F8300141503 /* AppDelegate.swift */,
				23AF0F6022CB1F8300141503 /* ViewController.swift */,
				23AF0F6222CB1F8300141503 /* Main.storyboard */,
				23AF0F6522CB1F8600141503 /* Assets.xcassets */,
				23AF0F6722CB1F8600141503 /* LaunchScreen.storyboard */,
				23AF0F8C22CB235D00141503 /* File.swift */,
				23AF0F6A22CB1F8600141503 /* Info.plist */,
			);
			path = tableView;
			sourceTree = "<group>";
		};
		23AF0F7222CB1F8600141503 /* tableViewTests */ = {
			isa = PBXGroup;
			children = (
				23AF0F7322CB1F8600141503 /* tableViewTests.swift */,
				23AF0F7522CB1F8600141503 /* Info.plist */,
			);
			path = tableViewTests;
			sourceTree = "<group>";
		};
		23AF0F7D22CB1F8600141503 /* tableViewUITests */ = {
			isa = PBXGroup;
			children = (
				23AF0F7E22CB1F8600141503 /* tableViewUITests.swift */,
				23AF0F8022CB1F8600141503 /* Info.plist */,
			);
			path = tableViewUITests;
			sourceTree = "<group>";
		};
/* End PBXGroup section */

/* Begin PBXNativeTarget section */
		23AF0F5A22CB1F8300141503 /* tableView */ = {
			isa = PBXNativeTarget;
			buildConfigurationList = 23AF0F8322CB1F8600141503 /* Build configuration list for PBXNativeTarget "tableView" */;
			buildPhases = (
				23AF0F5722CB1F8300141503 /* Sources */,
				23AF0F5822CB1F8300141503 /* Frameworks */,
				23AF0F5922CB1F8300141503 /* Resources */,
			);
			buildRules = (
			);
			dependencies = (
			);
			name = tableView;
			productName = tableView;
			productReference = 23AF0F5B22CB1F8300141503 /* tableView.app */;
			productType = "com.apple.product-type.application";
		};
		23AF0F6E22CB1F8600141503 /* tableViewTests */ = {
			isa = PBXNativeTarget;
			buildConfigurationList = 23AF0F8622CB1F8600141503 /* Build configuration list for PBXNativeTarget "tableViewTests" */;
			buildPhases = (
				23AF0F6B22CB1F8600141503 /* Sources */,
				23AF0F6C22CB1F8600141503 /* Frameworks */,
				23AF0F6D22CB1F8600141503 /* Resources */,
			);
			buildRules = (
			);
			dependencies = (
				23AF0F7122CB1F8600141503 /* PBXTargetDependency */,
			);
			name = tableViewTests;
			productName = tableViewTests;
			productReference = 23AF0F6F22CB1F8600141503 /* tableViewTests.xctest */;
			productType = "com.apple.product-type.bundle.unit-test";
		};
		23AF0F7922CB1F8600141503 /* tableViewUITests */ = {
			isa = PBXNativeTarget;
			buildConfigurationList = 23AF0F8922CB1F8600141503 /* Build configuration list for PBXNativeTarget "tableViewUITests" */;
			buildPhases = (
				23AF0F7622CB1F8600141503 /* Sources */,
				23AF0F7722CB1F8600141503 /* Frameworks */,
				23AF0F7822CB1F8600141503 /* Resources */,
			);
			buildRules = (
			);
			dependencies = (
				23AF0F7C22CB1F8600141503 /* PBXTargetDependency */,
			);
			name = tableViewUITests;
			productName = tableViewUITests;
			productReference = 23AF0F7A22CB1F8600141503 /* tableViewUITests.xctest */;
			productType = "com.apple.product-type.bundle.ui-testing";
		};
/* End PBXNativeTarget section */

/* Begin PBXProject section */
		23AF0F5322CB1F8300141503 /* Project object */ = {
			isa = PBXProject;
			attributes = {
				LastSwiftUpdateCheck = 1020;
				LastUpgradeCheck = 1020;
				ORGANIZATIONNAME = ulzhanx;
				TargetAttributes = {
					23AF0F5A22CB1F8300141503 = {
						CreatedOnToolsVersion = 10.2;
					};
					23AF0F6E22CB1F8600141503 = {
						CreatedOnToolsVersion = 10.2;
						TestTargetID = 23AF0F5A22CB1F8300141503;
					};
					23AF0F7922CB1F8600141503 = {
						CreatedOnToolsVersion = 10.2;
						TestTargetID = 23AF0F5A22CB1F8300141503;
					};
				};
			};
			buildConfigurationList = 23AF0F5622CB1F8300141503 /* Build configuration list for PBXProject "tableView" */;
			compatibilityVersion = "Xcode 9.3";
			developmentRegion = en;
			hasScannedForEncodings = 0;
			knownRegions = (
				en,
				Base,
			);
			mainGroup = 23AF0F5222CB1F8300141503;
			productRefGroup = 23AF0F5C22CB1F8300141503 /* Products */;
			projectDirPath = "";
			projectRoot = "";
			targets = (
				23AF0F5A22CB1F8300141503 /* tableView */,
				23AF0F6E22CB1F8600141503 /* tableViewTests */,
				23AF0F7922CB1F8600141503 /* tableViewUITests */,
			);
		};
/* End PBXProject section */

/* Begin PBXResourcesBuildPhase section */
		23AF0F5922CB1F8300141503 /* Resources */ = {
			isa = PBXResourcesBuildPhase;
			buildActionMask = 2147483647;
			files = (
				23AF0F6922CB1F8600141503 /* LaunchScreen.storyboard in Resources */,
				23AF0F6622CB1F8600141503 /* Assets.xcassets in Resources */,
				23AF0F6422CB1F8300141503 /* Main.storyboard in Resources */,
			);
			runOnlyForDeploymentPostprocessing = 0;
		};
		23AF0F6D22CB1F8600141503 /* Resources */ = {
			isa = PBXResourcesBuildPhase;
			buildActionMask = 2147483647;
			files = (
			);
			runOnlyForDeploymentPostprocessing = 0;
		};
		23AF0F7822CB1F8600141503 /* Resources */ = {
			isa = PBXResourcesBuildPhase;
			buildActionMask = 2147483647;
			files = (
			);
			runOnlyForDeploymentPostprocessing = 0;
		};
/* End PBXResourcesBuildPhase section */

/* Begin PBXSourcesBuildPhase section */
		23AF0F5722CB1F8300141503 /* Sources */ = {
			isa = PBXSourcesBuildPhase;
			buildActionMask = 2147483647;
			files = (
				23AF0F6122CB1F8300141503 /* ViewController.swift in Sources */,
				23AF0F8D22CB235D00141503 /* File.swift in Sources */,
				23AF0F5F22CB1F8300141503 /* AppDelegate.swift in Sources */,
			);
			runOnlyForDeploymentPostprocessing = 0;
		};
		23AF0F6B22CB1F8600141503 /* Sources */ = {
			isa = PBXSourcesBuildPhase;
			buildActionMask = 2147483647;
			files = (
				23AF0F7422CB1F8600141503 /* tableViewTests.swift in Sources */,
			);
			runOnlyForDeploymentPostprocessing = 0;
		};
		23AF0F7622CB1F8600141503 /* Sources */ = {
			isa = PBXSourcesBuildPhase;
			buildActionMask = 2147483647;
			files = (
				23AF0F7F22CB1F8600141503 /* tableViewUITests.swift in Sources */,
			);
			runOnlyForDeploymentPostprocessing = 0;
		};
/* End PBXSourcesBuildPhase section */

/* Begin PBXTargetDependency section */
		23AF0F7122CB1F8600141503 /* PBXTargetDependency */ = {
			isa = PBXTargetDependency;
			target = 23AF0F5A22CB1F8300141503 /* tableView */;
			targetProxy = 23AF0F7022CB1F8600141503 /* PBXContainerItemProxy */;
		};
		23AF0F7C22CB1F8600141503 /* PBXTargetDependency */ = {
			isa = PBXTargetDependency;
			target = 23AF0F5A22CB1F8300141503 /* tableView */;
			targetProxy = 23AF0F7B22CB1F8600141503 /* PBXContainerItemProxy */;
		};
/* End PBXTargetDependency section */

/* Begin PBXVariantGroup section */
		23AF0F6222CB1F8300141503 /* Main.storyboard */ = {
			isa = PBXVariantGroup;
			children = (
				23AF0F6322CB1F8300141503 /* Base */,
			);
			name = Main.storyboard;
			sourceTree = "<group>";
		};
		23AF0F6722CB1F8600141503 /* LaunchScreen.storyboard */ = {
			isa = PBXVariantGroup;
			children = (
				23AF0F6822CB1F8600141503 /* Base */,
			);
			name = LaunchScreen.storyboard;
			sourceTree = "<group>";
		};
/* End PBXVariantGroup section */

/* Begin XCBuildConfiguration section */
		23AF0F8122CB1F8600141503 /* Debug */ = {
			isa = XCBuildConfiguration;
			buildSettings = {
				ALWAYS_SEARCH_USER_PATHS = NO;
				CLANG_ANALYZER_NONNULL = YES;
				CLANG_ANALYZER_NUMBER_OBJECT_CONVERSION = YES_AGGRESSIVE;
				CLANG_CXX_LANGUAGE_STANDARD = "gnu++14";
				CLANG_CXX_LIBRARY = "libc++";
				CLANG_ENABLE_MODULES = YES;
				CLANG_ENABLE_OBJC_ARC = YES;
				CLANG_ENABLE_OBJC_WEAK = YES;
				CLANG_WARN_BLOCK_CAPTURE_AUTORELEASING = YES;
				CLANG_WARN_BOOL_CONVERSION = YES;
				CLANG_WARN_COMMA = YES;
				CLANG_WARN_CONSTANT_CONVERSION = YES;
				CLANG_WARN_DEPRECATED_OBJC_IMPLEMENTATIONS = YES;
				CLANG_WARN_DIRECT_OBJC_ISA_USAGE = YES_ERROR;
				CLANG_WARN_DOCUMENTATION_COMMENTS = YES;
				CLANG_WARN_EMPTY_BODY = YES;
				CLANG_WARN_ENUM_CONVERSION = YES;
				CLANG_WARN_INFINITE_RECURSION = YES;
				CLANG_WARN_INT_CONVERSION = YES;
				CLANG_WARN_NON_LITERAL_NULL_CONVERSION = YES;
				CLANG_WARN_OBJC_IMPLICIT_RETAIN_SELF = YES;
				CLANG_WARN_OBJC_LITERAL_CONVERSION = YES;
				CLANG_WARN_OBJC_ROOT_CLASS = YES_ERROR;
				CLANG_WARN_RANGE_LOOP_ANALYSIS = YES;
				CLANG_WARN_STRICT_PROTOTYPES = YES;
				CLANG_WARN_SUSPICIOUS_MOVE = YES;
				CLANG_WARN_UNGUARDED_AVAILABILITY = YES_AGGRESSIVE;
				CLANG_WARN_UNREACHABLE_CODE = YES;
				CLANG_WARN__DUPLICATE_METHOD_MATCH = YES;
				CODE_SIGN_IDENTITY = "iPhone Developer";
				COPY_PHASE_STRIP = NO;
				DEBUG_INFORMATION_FORMAT = dwarf;
				ENABLE_STRICT_OBJC_MSGSEND = YES;
				ENABLE_TESTABILITY = YES;
				GCC_C_LANGUAGE_STANDARD = gnu11;
				GCC_DYNAMIC_NO_PIC = NO;
				GCC_NO_COMMON_BLOCKS = YES;
				GCC_OPTIMIZATION_LEVEL = 0;
				GCC_PREPROCESSOR_DEFINITIONS = (
					"DEBUG=1",
					"$(inherited)",
				);
				GCC_WARN_64_TO_32_BIT_CONVERSION = YES;
				GCC_WARN_ABOUT_RETURN_TYPE = YES_ERROR;
				GCC_WARN_UNDECLARED_SELECTOR = YES;
				GCC_WARN_UNINITIALIZED_AUTOS = YES_AGGRESSIVE;
				GCC_WARN_UNUSED_FUNCTION = YES;
				GCC_WARN_UNUSED_VARIABLE = YES;
				IPHONEOS_DEPLOYMENT_TARGET = 12.2;
				MTL_ENABLE_DEBUG_INFO = INCLUDE_SOURCE;
				MTL_FAST_MATH = YES;
				ONLY_ACTIVE_ARCH = YES;
				SDKROOT = iphoneos;
				SWIFT_ACTIVE_COMPILATION_CONDITIONS = DEBUG;
				SWIFT_OPTIMIZATION_LEVEL = "-Onone";
			};
			name = Debug;
		};
		23AF0F8222CB1F8600141503 /* Release */ = {
			isa = XCBuildConfiguration;
			buildSettings = {
				ALWAYS_SEARCH_USER_PATHS = NO;
				CLANG_ANALYZER_NONNULL = YES;
				CLANG_ANALYZER_NUMBER_OBJECT_CONVERSION = YES_AGGRESSIVE;
				CLANG_CXX_LANGUAGE_STANDARD = "gnu++14";
				CLANG_CXX_LIBRARY = "libc++";
				CLANG_ENABLE_MODULES = YES;
				CLANG_ENABLE_OBJC_ARC = YES;
				CLANG_ENABLE_OBJC_WEAK = YES;
				CLANG_WARN_BLOCK_CAPTURE_AUTORELEASING = YES;
				CLANG_WARN_BOOL_CONVERSION = YES;
				CLANG_WARN_COMMA = YES;
				CLANG_WARN_CONSTANT_CONVERSION = YES;
				CLANG_WARN_DEPRECATED_OBJC_IMPLEMENTATIONS = YES;
				CLANG_WARN_DIRECT_OBJC_ISA_USAGE = YES_ERROR;
				CLANG_WARN_DOCUMENTATION_COMMENTS = YES;
				CLANG_WARN_EMPTY_BODY = YES;
				CLANG_WARN_ENUM_CONVERSION = YES;
				CLANG_WARN_INFINITE_RECURSION = YES;
				CLANG_WARN_INT_CONVERSION = YES;
				CLANG_WARN_NON_LITERAL_NULL_CONVERSION = YES;
				CLANG_WARN_OBJC_IMPLICIT_RETAIN_SELF = YES;
				CLANG_WARN_OBJC_LITERAL_CONVERSION = YES;
				CLANG_WARN_OBJC_ROOT_CLASS = YES_ERROR;
				CLANG_WARN_RANGE_LOOP_ANALYSIS = YES;
				CLANG_WARN_STRICT_PROTOTYPES = YES;
				CLANG_WARN_SUSPICIOUS_MOVE = YES;
				CLANG_WARN_UNGUARDED_AVAILABILITY = YES_AGGRESSIVE;
				CLANG_WARN_UNREACHABLE_CODE = YES;
				CLANG_WARN__DUPLICATE_METHOD_MATCH = YES;
				CODE_SIGN_IDENTITY = "iPhone Developer";
				COPY_PHASE_STRIP = NO;
				DEBUG_INFORMATION_FORMAT = "dwarf-with-dsym";
				ENABLE_NS_ASSERTIONS = NO;
				ENABLE_STRICT_OBJC_MSGSEND = YES;
				GCC_C_LANGUAGE_STANDARD = gnu11;
				GCC_NO_COMMON_BLOCKS = YES;
				GCC_WARN_64_TO_32_BIT_CONVERSION = YES;
				GCC_WARN_ABOUT_RETURN_TYPE = YES_ERROR;
				GCC_WARN_UNDECLARED_SELECTOR = YES;
				GCC_WARN_UNINITIALIZED_AUTOS = YES_AGGRESSIVE;
				GCC_WARN_UNUSED_FUNCTION = YES;
				GCC_WARN_UNUSED_VARIABLE = YES;
				IPHONEOS_DEPLOYMENT_TARGET = 12.2;
				MTL_ENABLE_DEBUG_INFO = NO;
				MTL_FAST_MATH = YES;
				SDKROOT = iphoneos;
				SWIFT_COMPILATION_MODE = wholemodule;
				SWIFT_OPTIMIZATION_LEVEL = "-O";
				VALIDATE_PRODUCT = YES;
			};
			name = Release;
		};
		23AF0F8422CB1F8600141503 /* Debug */ = {
			isa = XCBuildConfiguration;
			buildSettings = {
				ASSETCATALOG_COMPILER_APPICON_NAME = AppIcon;
				CODE_SIGN_STYLE = Automatic;
				INFOPLIST_FILE = tableView/Info.plist;
				LD_RUNPATH_SEARCH_PATHS = (
					"$(inherited)",
					"@executable_path/Frameworks",
				);
				PRODUCT_BUNDLE_IDENTIFIER = kz.method.tableView;
				PRODUCT_NAME = "$(TARGET_NAME)";
				SWIFT_VERSION = 5.0;
				TARGETED_DEVICE_FAMILY = "1,2";
			};
			name = Debug;
		};
		23AF0F8522CB1F8600141503 /* Release */ = {
			isa = XCBuildConfiguration;
			buildSettings = {
				ASSETCATALOG_COMPILER_APPICON_NAME = AppIcon;
				CODE_SIGN_STYLE = Automatic;
				INFOPLIST_FILE = tableView/Info.plist;
				LD_RUNPATH_SEARCH_PATHS = (
					"$(inherited)",
					"@executable_path/Frameworks",
				);
				PRODUCT_BUNDLE_IDENTIFIER = kz.method.tableView;
				PRODUCT_NAME = "$(TARGET_NAME)";
				SWIFT_VERSION = 5.0;
				TARGETED_DEVICE_FAMILY = "1,2";
			};
			name = Release;
		};
		23AF0F8722CB1F8600141503 /* Debug */ = {
			isa = XCBuildConfiguration;
			buildSettings = {
				ALWAYS_EMBED_SWIFT_STANDARD_LIBRARIES = YES;
				BUNDLE_LOADER = "$(TEST_HOST)";
				CODE_SIGN_STYLE = Automatic;
				INFOPLIST_FILE = tableViewTests/Info.plist;
				LD_RUNPATH_SEARCH_PATHS = (
					"$(inherited)",
					"@executable_path/Frameworks",
					"@loader_path/Frameworks",
				);
				PRODUCT_BUNDLE_IDENTIFIER = kz.method.tableViewTests;
				PRODUCT_NAME = "$(TARGET_NAME)";
				SWIFT_VERSION = 5.0;
				TARGETED_DEVICE_FAMILY = "1,2";
				TEST_HOST = "$(BUILT_PRODUCTS_DIR)/tableView.app/tableView";
			};
			name = Debug;
		};
		23AF0F8822CB1F8600141503 /* Release */ = {
			isa = XCBuildConfiguration;
			buildSettings = {
				ALWAYS_EMBED_SWIFT_STANDARD_LIBRARIES = YES;
				BUNDLE_LOADER = "$(TEST_HOST)";
				CODE_SIGN_STYLE = Automatic;
				INFOPLIST_FILE = tableViewTests/Info.plist;
				LD_RUNPATH_SEARCH_PATHS = (
					"$(inherited)",
					"@executable_path/Frameworks",
					"@loader_path/Frameworks",
				);
				PRODUCT_BUNDLE_IDENTIFIER = kz.method.tableViewTests;
				PRODUCT_NAME = "$(TARGET_NAME)";
				SWIFT_VERSION = 5.0;
				TARGETED_DEVICE_FAMILY = "1,2";
				TEST_HOST = "$(BUILT_PRODUCTS_DIR)/tableView.app/tableView";
			};
			name = Release;
		};
		23AF0F8A22CB1F8600141503 /* Debug */ = {
			isa = XCBuildConfiguration;
			buildSettings = {
				ALWAYS_EMBED_SWIFT_STANDARD_LIBRARIES = YES;
				CODE_SIGN_STYLE = Automatic;
				INFOPLIST_FILE = tableViewUITests/Info.plist;
				LD_RUNPATH_SEARCH_PATHS = (
					"$(inherited)",
					"@executable_path/Frameworks",
					"@loader_path/Frameworks",
				);
				PRODUCT_BUNDLE_IDENTIFIER = kz.method.tableViewUITests;
				PRODUCT_NAME = "$(TARGET_NAME)";
				SWIFT_VERSION = 5.0;
				TARGETED_DEVICE_FAMILY = "1,2";
				TEST_TARGET_NAME = tableView;
			};
			name = Debug;
		};
		23AF0F8B22CB1F8600141503 /* Release */ = {
			isa = XCBuildConfiguration;
			buildSettings = {
				ALWAYS_EMBED_SWIFT_STANDARD_LIBRARIES = YES;
				CODE_SIGN_STYLE = Automatic;
				INFOPLIST_FILE = tableViewUITests/Info.plist;
				LD_RUNPATH_SEARCH_PATHS = (
					"$(inherited)",
					"@executable_path/Frameworks",
					"@loader_path/Frameworks",
				);
				PRODUCT_BUNDLE_IDENTIFIER = kz.method.tableViewUITests;
				PRODUCT_NAME = "$(TARGET_NAME)";
				SWIFT_VERSION = 5.0;
				TARGETED_DEVICE_FAMILY = "1,2";
				TEST_TARGET_NAME = tableView;
			};
			name = Release;
		};
/* End XCBuildConfiguration section */

/* Begin XCConfigurationList section */
		23AF0F5622CB1F8300141503 /* Build configuration list for PBXProject "tableView" */ = {
			isa = XCConfigurationList;
			buildConfigurations = (
				23AF0F8122CB1F8600141503 /* Debug */,
				23AF0F8222CB1F8600141503 /* Release */,
			);
			defaultConfigurationIsVisible = 0;
			defaultConfigurationName = Release;
		};
		23AF0F8322CB1F8600141503 /* Build configuration list for PBXNativeTarget "tableView" */ = {
			isa = XCConfigurationList;
			buildConfigurations = (
				23AF0F8422CB1F8600141503 /* Debug */,
				23AF0F8522CB1F8600141503 /* Release */,
			);
			defaultConfigurationIsVisible = 0;
			defaultConfigurationName = Release;
		};
		23AF0F8622CB1F8600141503 /* Build configuration list for PBXNativeTarget "tableViewTests" */ = {
			isa = XCConfigurationList;
			buildConfigurations = (
				23AF0F8722CB1F8600141503 /* Debug */,
				23AF0F8822CB1F8600141503 /* Release */,
			);
			defaultConfigurationIsVisible = 0;
			defaultConfigurationName = Release;
		};
		23AF0F8922CB1F8600141503 /* Build configuration list for PBXNativeTarget "tableViewUITests" */ = {
			isa = XCConfigurationList;
			buildConfigurations = (
				23AF0F8A22CB1F8600141503 /* Debug */,
				23AF0F8B22CB1F8600141503 /* Release */,
			);
			defaultConfigurationIsVisible = 0;
			defaultConfigurationName = Release;
		};
/* End XCConfigurationList section */
	};
	rootObject = 23AF0F5322CB1F8300141503 /* Project object */;
}
